
Microsoft Visual Studio Solution File, Format Version 12.00
# Visual Studio 14
VisualStudioVersion = 14.0.25420.1
MinimumVisualStudioVersion = 10.0.40219.1
Project("{FAE04EC0-301F-11D3-BF4B-00C04F79EFBC}") = "Oil_Shoop", "Oil_Shoop\Oil_Shoop.csproj", "{A0B1BDD3-48D2-4E16-AC33-F0B6A7DC67F6}"
EndProject
Global
	GlobalSection(SolutionConfigurationPlatforms) = preSolution
		Debug|Any CPU = Debug|Any CPU
		Release|Any CPU = Release|Any CPU
	EndGlobalSection
	GlobalSection(ProjectConfigurationPlatforms) = postSolution
		{A0B1BDD3-48D2-4E16-AC33-F0B6A7DC67F6}.Debug|Any CPU.ActiveCfg = Debug|Any CPU
		{A0B1BDD3-48D2-4E16-AC33-F0B6A7DC67F6}.Debug|Any CPU.Build.0 = Debug|Any CPU
		{A0B1BDD3-48D2-4E16-AC33-F0B6A7DC67F6}.Release|Any CPU.ActiveCfg = Release|Any CPU
		{A0B1BDD3-48D2-4E16-AC33-F0B6A7DC67F6}.Release|Any CPU.Build.0 = Release|Any CPU
	EndGlobalSection
	GlobalSection(SolutionProperties) = preSolution
		HideSolutionNode = FALSE
	EndGlobalSection
EndGlobal
